
Microsoft Visual Studio Solution File, Format Version 12.00
# Visual Studio Version 17
VisualStudioVersion = 17.9.34728.123
MinimumVisualStudioVersion = 10.0.40219.1
Project("{888888A0-9F3D-457C-B088-3A5042F75D52}") = "Incorrectness", "Incorrectness.pyproj", "{A356108E-F9CD-4BD9-8564-E9A8A92D6449}"
EndProject
Global
	GlobalSection(SolutionConfigurationPlatforms) = preSolution
		Debug|Any CPU = Debug|Any CPU
		Release|Any CPU = Release|Any CPU
	EndGlobalSection
	GlobalSection(ProjectConfigurationPlatforms) = postSolution
		{A356108E-F9CD-4BD9-8564-E9A8A92D6449}.Debug|Any CPU.ActiveCfg = Debug|Any CPU
		{A356108E-F9CD-4BD9-8564-E9A8A92D6449}.Release|Any CPU.ActiveCfg = Release|Any CPU
	EndGlobalSection
	GlobalSection(SolutionProperties) = preSolution
		HideSolutionNode = FALSE
	EndGlobalSection
	GlobalSection(ExtensibilityGlobals) = postSolution
		SolutionGuid = {D0B4A10A-9F77-49B4-8F3A-4532C544ABCC}
	EndGlobalSection
EndGlobal
